
Microsoft Visual Studio Solution File, Format Version 12.00
# Visual Studio 15
VisualStudioVersion = 15.0.28307.168
MinimumVisualStudioVersion = 10.0.40219.1
Project("{FAE04EC0-301F-11D3-BF4B-00C04F79EFBC}") = "MainProject", "MainProject\MainProject.csproj", "{F3910FEC-2F5D-487F-8F98-ACD01286CB71}"
EndProject
Project("{FAE04EC0-301F-11D3-BF4B-00C04F79EFBC}") = "Episode2", "Episode2\Episode2.csproj", "{FCD2C093-27FE-47D2-B891-DE157923DB8E}"
EndProject
Project("{FAE04EC0-301F-11D3-BF4B-00C04F79EFBC}") = "Episode3", "Episode3\Episode3.csproj", "{A9761CCD-C6BD-40BA-BE68-94842001C852}"
EndProject
Project("{FAE04EC0-301F-11D3-BF4B-00C04F79EFBC}") = "Episode5", "Episode5\Episode5.csproj", "{49E5B38F-FF8C-41B5-8417-6C2FBD416298}"
EndProject
Project("{FAE04EC0-301F-11D3-BF4B-00C04F79EFBC}") = "Episode1", "Episode1\Episode1.csproj", "{F797F7C3-D74E-4F6C-A96B-E5AA319F71AB}"
EndProject
Project("{FAE04EC0-301F-11D3-BF4B-00C04F79EFBC}") = "Episode6", "Episode6\Episode6.csproj", "{D004C1D5-1AB8-46CF-80F1-D0E7067649C0}"
EndProject
Project("{FAE04EC0-301F-11D3-BF4B-00C04F79EFBC}") = "Episode7", "Episode7\Episode7.csproj", "{A31A6EDC-C0A5-4D78-8C21-48FBF4D5D923}"
EndProject
Project("{FAE04EC0-301F-11D3-BF4B-00C04F79EFBC}") = "Episode8", "Episode8\Episode8.csproj", "{32B80370-70CE-4634-80A9-76A892A915EB}"
EndProject
Project("{FAE04EC0-301F-11D3-BF4B-00C04F79EFBC}") = "Episode10", "Episode10\Episode10.csproj", "{9D79F72A-F309-48D5-B3C1-19BAE8C0BF8C}"
EndProject
Project("{FAE04EC0-301F-11D3-BF4B-00C04F79EFBC}") = "Episode11", "Episode11\Episode11.csproj", "{5763F84C-53F0-4011-89D4-B7FA91CC33CB}"
EndProject
Project("{FAE04EC0-301F-11D3-BF4B-00C04F79EFBC}") = "Episode12", "Episode12\Episode12.csproj", "{D3E527F6-5223-4100-AD10-A5FC54B45F5C}"
EndProject
Project("{FAE04EC0-301F-11D3-BF4B-00C04F79EFBC}") = "Episode13", "Episode13\Episode13.csproj", "{6906FBCF-1FF0-4834-8C79-FBC3837EEB4D}"
EndProject
Project("{FAE04EC0-301F-11D3-BF4B-00C04F79EFBC}") = "Episode14", "Episode14\Episode14.csproj", "{3AB4D549-7F2D-4490-9245-E221849D6C57}"
EndProject
Project("{FAE04EC0-301F-11D3-BF4B-00C04F79EFBC}") = "Episode15", "Episode15\Episode15.csproj", "{423A7182-36EB-4A9B-80A6-5A2EF562BC41}"
EndProject
Project("{FAE04EC0-301F-11D3-BF4B-00C04F79EFBC}") = "Episode16", "Episode16\Episode16.csproj", "{4C8547A9-C461-43D2-8CCA-12801BE8F06C}"
EndProject
Global
	GlobalSection(SolutionConfigurationPlatforms) = preSolution
		Debug|Any CPU = Debug|Any CPU
		Release|Any CPU = Release|Any CPU
	EndGlobalSection
	GlobalSection(ProjectConfigurationPlatforms) = postSolution
		{F3910FEC-2F5D-487F-8F98-ACD01286CB71}.Debug|Any CPU.ActiveCfg = Debug|Any CPU
		{F3910FEC-2F5D-487F-8F98-ACD01286CB71}.Debug|Any CPU.Build.0 = Debug|Any CPU
		{F3910FEC-2F5D-487F-8F98-ACD01286CB71}.Release|Any CPU.ActiveCfg = Release|Any CPU
		{F3910FEC-2F5D-487F-8F98-ACD01286CB71}.Release|Any CPU.Build.0 = Release|Any CPU
		{FCD2C093-27FE-47D2-B891-DE157923DB8E}.Debug|Any CPU.ActiveCfg = Debug|Any CPU
		{FCD2C093-27FE-47D2-B891-DE157923DB8E}.Debug|Any CPU.Build.0 = Debug|Any CPU
		{FCD2C093-27FE-47D2-B891-DE157923DB8E}.Release|Any CPU.ActiveCfg = Release|Any CPU
		{FCD2C093-27FE-47D2-B891-DE157923DB8E}.Release|Any CPU.Build.0 = Release|Any CPU
		{A9761CCD-C6BD-40BA-BE68-94842001C852}.Debug|Any CPU.ActiveCfg = Debug|Any CPU
		{A9761CCD-C6BD-40BA-BE68-94842001C852}.Debug|Any CPU.Build.0 = Debug|Any CPU
		{A9761CCD-C6BD-40BA-BE68-94842001C852}.Release|Any CPU.ActiveCfg = Release|Any CPU
		{A9761CCD-C6BD-40BA-BE68-94842001C852}.Release|Any CPU.Build.0 = Release|Any CPU
		{49E5B38F-FF8C-41B5-8417-6C2FBD416298}.Debug|Any CPU.ActiveCfg = Debug|Any CPU
		{49E5B38F-FF8C-41B5-8417-6C2FBD416298}.Debug|Any CPU.Build.0 = Debug|Any CPU
		{49E5B38F-FF8C-41B5-8417-6C2FBD416298}.Release|Any CPU.ActiveCfg = Release|Any CPU
		{49E5B38F-FF8C-41B5-8417-6C2FBD416298}.Release|Any CPU.Build.0 = Release|Any CPU
		{F797F7C3-D74E-4F6C-A96B-E5AA319F71AB}.Debug|Any CPU.ActiveCfg = Debug|Any CPU
		{F797F7C3-D74E-4F6C-A96B-E5AA319F71AB}.Debug|Any CPU.Build.0 = Debug|Any CPU
		{F797F7C3-D74E-4F6C-A96B-E5AA319F71AB}.Release|Any CPU.ActiveCfg = Release|Any CPU
		{F797F7C3-D74E-4F6C-A96B-E5AA319F71AB}.Release|Any CPU.Build.0 = Release|Any CPU
		{D004C1D5-1AB8-46CF-80F1-D0E7067649C0}.Debug|Any CPU.ActiveCfg = Debug|Any CPU
		{D004C1D5-1AB8-46CF-80F1-D0E7067649C0}.Debug|Any CPU.Build.0 = Debug|Any CPU
		{D004C1D5-1AB8-46CF-80F1-D0E7067649C0}.Release|Any CPU.ActiveCfg = Release|Any CPU
		{D004C1D5-1AB8-46CF-80F1-D0E7067649C0}.Release|Any CPU.Build.0 = Release|Any CPU
		{A31A6EDC-C0A5-4D78-8C21-48FBF4D5D923}.Debug|Any CPU.ActiveCfg = Debug|Any CPU
		{A31A6EDC-C0A5-4D78-8C21-48FBF4D5D923}.Debug|Any CPU.Build.0 = Debug|Any CPU
		{A31A6EDC-C0A5-4D78-8C21-48FBF4D5D923}.Release|Any CPU.ActiveCfg = Release|Any CPU
		{A31A6EDC-C0A5-4D78-8C21-48FBF4D5D923}.Release|Any CPU.Build.0 = Release|Any CPU
		{32B80370-70CE-4634-80A9-76A892A915EB}.Debug|Any CPU.ActiveCfg = Debug|Any CPU
		{32B80370-70CE-4634-80A9-76A892A915EB}.Debug|Any CPU.Build.0 = Debug|Any CPU
		{32B80370-70CE-4634-80A9-76A892A915EB}.Release|Any CPU.ActiveCfg = Release|Any CPU
		{32B80370-70CE-4634-80A9-76A892A915EB}.Release|Any CPU.Build.0 = Release|Any CPU
		{9D79F72A-F309-48D5-B3C1-19BAE8C0BF8C}.Debug|Any CPU.ActiveCfg = Debug|Any CPU
		{9D79F72A-F309-48D5-B3C1-19BAE8C0BF8C}.Debug|Any CPU.Build.0 = Debug|Any CPU
		{9D79F72A-F309-48D5-B3C1-19BAE8C0BF8C}.Release|Any CPU.ActiveCfg = Release|Any CPU
		{9D79F72A-F309-48D5-B3C1-19BAE8C0BF8C}.Release|Any CPU.Build.0 = Release|Any CPU
		{5763F84C-53F0-4011-89D4-B7FA91CC33CB}.Debug|Any CPU.ActiveCfg = Debug|Any CPU
		{5763F84C-53F0-4011-89D4-B7FA91CC33CB}.Debug|Any CPU.Build.0 = Debug|Any CPU
		{5763F84C-53F0-4011-89D4-B7FA91CC33CB}.Release|Any CPU.ActiveCfg = Release|Any CPU
		{5763F84C-53F0-4011-89D4-B7FA91CC33CB}.Release|Any CPU.Build.0 = Release|Any CPU
		{D3E527F6-5223-4100-AD10-A5FC54B45F5C}.Debug|Any CPU.ActiveCfg = Debug|Any CPU
		{D3E527F6-5223-4100-AD10-A5FC54B45F5C}.Debug|Any CPU.Build.0 = Debug|Any CPU
		{D3E527F6-5223-4100-AD10-A5FC54B45F5C}.Release|Any CPU.ActiveCfg = Release|Any CPU
		{D3E527F6-5223-4100-AD10-A5FC54B45F5C}.Release|Any CPU.Build.0 = Release|Any CPU
		{6906FBCF-1FF0-4834-8C79-FBC3837EEB4D}.Debug|Any CPU.ActiveCfg = Debug|Any CPU
		{6906FBCF-1FF0-4834-8C79-FBC3837EEB4D}.Debug|Any CPU.Build.0 = Debug|Any CPU
		{6906FBCF-1FF0-4834-8C79-FBC3837EEB4D}.Release|Any CPU.ActiveCfg = Release|Any CPU
		{6906FBCF-1FF0-4834-8C79-FBC3837EEB4D}.Release|Any CPU.Build.0 = Release|Any CPU
		{3AB4D549-7F2D-4490-9245-E221849D6C57}.Debug|Any CPU.ActiveCfg = Debug|Any CPU
		{3AB4D549-7F2D-4490-9245-E221849D6C57}.Debug|Any CPU.Build.0 = Debug|Any CPU
		{3AB4D549-7F2D-4490-9245-E221849D6C57}.Release|Any CPU.ActiveCfg = Release|Any CPU
		{3AB4D549-7F2D-4490-9245-E221849D6C57}.Release|Any CPU.Build.0 = Release|Any CPU
		{423A7182-36EB-4A9B-80A6-5A2EF562BC41}.Debug|Any CPU.ActiveCfg = Debug|Any CPU
		{423A7182-36EB-4A9B-80A6-5A2EF562BC41}.Debug|Any CPU.Build.0 = Debug|Any CPU
		{423A7182-36EB-4A9B-80A6-5A2EF562BC41}.Release|Any CPU.ActiveCfg = Release|Any CPU
		{423A7182-36EB-4A9B-80A6-5A2EF562BC41}.Release|Any CPU.Build.0 = Release|Any CPU
		{4C8547A9-C461-43D2-8CCA-12801BE8F06C}.Debug|Any CPU.ActiveCfg = Debug|Any CPU
		{4C8547A9-C461-43D2-8CCA-12801BE8F06C}.Debug|Any CPU.Build.0 = Debug|Any CPU
		{4C8547A9-C461-43D2-8CCA-12801BE8F06C}.Release|Any CPU.ActiveCfg = Release|Any CPU
		{4C8547A9-C461-43D2-8CCA-12801BE8F06C}.Release|Any CPU.Build.0 = Release|Any CPU
	EndGlobalSection
	GlobalSection(SolutionProperties) = preSolution
		HideSolutionNode = FALSE
	EndGlobalSection
	GlobalSection(ExtensibilityGlobals) = postSolution
		SolutionGuid = {7413E40B-D2F2-4606-841A-33B513DD5346}
	EndGlobalSection
EndGlobal
